
Microsoft Visual Studio Solution File, Format Version 12.00
# Visual Studio Version 16
VisualStudioVersion = 16.0.29519.181
MinimumVisualStudioVersion = 10.0.40219.1
Project("{FAE04EC0-301F-11D3-BF4B-00C04F79EFBC}") = "VPN_Server", "VPN_Server.csproj", "{0EAF5113-7813-4A0B-885A-55933ED97D3B}"
EndProject
Project("{FAE04EC0-301F-11D3-BF4B-00C04F79EFBC}") = "VPN_Client", "..\VPN_Client\VPN_Client.csproj", "{5071AB56-EEF5-41E8-AEC2-4AEE433775D8}"
EndProject
Global
	GlobalSection(SolutionConfigurationPlatforms) = preSolution
		Debug|Any CPU = Debug|Any CPU
		Release|Any CPU = Release|Any CPU
	EndGlobalSection
	GlobalSection(ProjectConfigurationPlatforms) = postSolution
		{0EAF5113-7813-4A0B-885A-55933ED97D3B}.Debug|Any CPU.ActiveCfg = Debug|Any CPU
		{0EAF5113-7813-4A0B-885A-55933ED97D3B}.Debug|Any CPU.Build.0 = Debug|Any CPU
		{0EAF5113-7813-4A0B-885A-55933ED97D3B}.Release|Any CPU.ActiveCfg = Release|Any CPU
		{0EAF5113-7813-4A0B-885A-55933ED97D3B}.Release|Any CPU.Build.0 = Release|Any CPU
		{5071AB56-EEF5-41E8-AEC2-4AEE433775D8}.Debug|Any CPU.ActiveCfg = Debug|Any CPU
		{5071AB56-EEF5-41E8-AEC2-4AEE433775D8}.Debug|Any CPU.Build.0 = Debug|Any CPU
		{5071AB56-EEF5-41E8-AEC2-4AEE433775D8}.Release|Any CPU.ActiveCfg = Release|Any CPU
		{5071AB56-EEF5-41E8-AEC2-4AEE433775D8}.Release|Any CPU.Build.0 = Release|Any CPU
	EndGlobalSection
	GlobalSection(SolutionProperties) = preSolution
		HideSolutionNode = FALSE
	EndGlobalSection
	GlobalSection(ExtensibilityGlobals) = postSolution
		SolutionGuid = {5CDE5DD9-CE23-4D1C-9665-0ECA883BC2BA}
	EndGlobalSection
EndGlobal
